
Microsoft Visual Studio Solution File, Format Version 12.00
# Visual Studio Version 16
VisualStudioVersion = 25.0.1705.6
MinimumVisualStudioVersion = 10.0.40219.1
Project("{FAE04EC0-301F-11D3-BF4B-00C04F79EFBC}") = "OgrenciBilgi_Sistemi", "OgrenciBilgi_Sistemi\OgrenciBilgi_Sistemi.csproj", "{DC79C639-9639-458D-BB1A-868561F18211}"
EndProject
Global
	GlobalSection(SolutionConfigurationPlatforms) = preSolution
		Debug|Any CPU = Debug|Any CPU
		Release|Any CPU = Release|Any CPU
	EndGlobalSection
	GlobalSection(ProjectConfigurationPlatforms) = postSolution
		{DC79C639-9639-458D-BB1A-868561F18211}.Debug|Any CPU.ActiveCfg = Debug|Any CPU
		{DC79C639-9639-458D-BB1A-868561F18211}.Debug|Any CPU.Build.0 = Debug|Any CPU
		{DC79C639-9639-458D-BB1A-868561F18211}.Release|Any CPU.ActiveCfg = Release|Any CPU
		{DC79C639-9639-458D-BB1A-868561F18211}.Release|Any CPU.Build.0 = Release|Any CPU
	EndGlobalSection
	GlobalSection(SolutionProperties) = preSolution
		HideSolutionNode = FALSE
	EndGlobalSection
	GlobalSection(ExtensibilityGlobals) = postSolution
		SolutionGuid = {F231251A-FB73-4769-B7F8-A3B6619D14A6}
	EndGlobalSection
EndGlobal
